
Microsoft Visual Studio Solution File, Format Version 12.00
# Visual Studio Version 17
VisualStudioVersion = 17.5.2.0
MinimumVisualStudioVersion = 10.0.40219.1
Project("{2150E333-8FDC-42A3-9474-1A3956D46DE8}") = "src", "src", "{827E0CD3-B72D-47B6-A68D-7590B98EB39B}"
EndProject
Project("{2150E333-8FDC-42A3-9474-1A3956D46DE8}") = "demo", "demo", "{A39C23D2-F2C0-258D-165A-CF1E7FEE6E7B}"
EndProject
Project("{FAE04EC0-301F-11D3-BF4B-00C04F79EFBC}") = "AppHost", "src\AppHost\AppHost.csproj", "{BB9C41FD-1395-49AC-C085-55B269795333}"
EndProject
Project("{FAE04EC0-301F-11D3-BF4B-00C04F79EFBC}") = "DeploymentMcp", "src\DeploymentMcp\DeploymentMcp.csproj", "{F3D3C3D3-D7AC-5B6E-BF39-BDE0551AD42E}"
EndProject
Project("{FAE04EC0-301F-11D3-BF4B-00C04F79EFBC}") = "DevOpsAgent", "src\DevOpsAgent\DevOpsAgent.csproj", "{47076E22-86AA-8713-A98D-B80748043970}"
EndProject
Project("{FAE04EC0-301F-11D3-BF4B-00C04F79EFBC}") = "ServiceDefaults", "src\ServiceDefaults\ServiceDefaults.csproj", "{E3C0E21B-371B-ACD5-5FF0-77C353D89E20}"
EndProject
Project("{2150E333-8FDC-42A3-9474-1A3956D46DE8}") = "shop-api-seed", "shop-api-seed", "{29576288-783F-BFA4-50DC-3AA545994536}"
EndProject
Project("{2150E333-8FDC-42A3-9474-1A3956D46DE8}") = "src", "src", "{B9975D51-A876-21E9-C3DF-4FC7E054B156}"
EndProject
Project("{FAE04EC0-301F-11D3-BF4B-00C04F79EFBC}") = "ShopApi", "demo\shop-api-seed\src\ShopApi\ShopApi.csproj", "{4BE5DE9B-358B-7F63-FFAF-6C757A700C22}"
EndProject
Project("{2150E333-8FDC-42A3-9474-1A3956D46DE8}") = "tests", "tests", "{E5ECF90D-9FEA-677D-B4D1-FAF1015049A0}"
EndProject
Project("{FAE04EC0-301F-11D3-BF4B-00C04F79EFBC}") = "ShopApi.Tests", "demo\shop-api-seed\tests\ShopApi.Tests\ShopApi.Tests.csproj", "{852135D1-2275-BF03-6AA0-B328992F1A58}"
EndProject
Project("{FAE04EC0-301F-11D3-BF4B-00C04F79EFBC}") = "ShopWeb", "demo\shop-api-seed\src\ShopWeb\ShopWeb.csproj", "{BD7139FC-3488-4CCD-98C4-2C0A44B72C5C}"
EndProject
Global
	GlobalSection(SolutionConfigurationPlatforms) = preSolution
		Debug|Any CPU = Debug|Any CPU
		Debug|x64 = Debug|x64
		Debug|x86 = Debug|x86
		Release|Any CPU = Release|Any CPU
		Release|x64 = Release|x64
		Release|x86 = Release|x86
	EndGlobalSection
	GlobalSection(ProjectConfigurationPlatforms) = postSolution
		{BB9C41FD-1395-49AC-C085-55B269795333}.Debug|Any CPU.ActiveCfg = Debug|Any CPU
		{BB9C41FD-1395-49AC-C085-55B269795333}.Debug|Any CPU.Build.0 = Debug|Any CPU
		{BB9C41FD-1395-49AC-C085-55B269795333}.Debug|x64.ActiveCfg = Debug|Any CPU
		{BB9C41FD-1395-49AC-C085-55B269795333}.Debug|x64.Build.0 = Debug|Any CPU
		{BB9C41FD-1395-49AC-C085-55B269795333}.Debug|x86.ActiveCfg = Debug|Any CPU
		{BB9C41FD-1395-49AC-C085-55B269795333}.Debug|x86.Build.0 = Debug|Any CPU
		{BB9C41FD-1395-49AC-C085-55B269795333}.Release|Any CPU.ActiveCfg = Release|Any CPU
		{BB9C41FD-1395-49AC-C085-55B269795333}.Release|Any CPU.Build.0 = Release|Any CPU
		{BB9C41FD-1395-49AC-C085-55B269795333}.Release|x64.ActiveCfg = Release|Any CPU
		{BB9C41FD-1395-49AC-C085-55B269795333}.Release|x64.Build.0 = Release|Any CPU
		{BB9C41FD-1395-49AC-C085-55B269795333}.Release|x86.ActiveCfg = Release|Any CPU
		{BB9C41FD-1395-49AC-C085-55B269795333}.Release|x86.Build.0 = Release|Any CPU
		{F3D3C3D3-D7AC-5B6E-BF39-BDE0551AD42E}.Debug|Any CPU.ActiveCfg = Debug|Any CPU
		{F3D3C3D3-D7AC-5B6E-BF39-BDE0551AD42E}.Debug|Any CPU.Build.0 = Debug|Any CPU
		{F3D3C3D3-D7AC-5B6E-BF39-BDE0551AD42E}.Debug|x64.ActiveCfg = Debug|Any CPU
		{F3D3C3D3-D7AC-5B6E-BF39-BDE0551AD42E}.Debug|x64.Build.0 = Debug|Any CPU
		{F3D3C3D3-D7AC-5B6E-BF39-BDE0551AD42E}.Debug|x86.ActiveCfg = Debug|Any CPU
		{F3D3C3D3-D7AC-5B6E-BF39-BDE0551AD42E}.Debug|x86.Build.0 = Debug|Any CPU
		{F3D3C3D3-D7AC-5B6E-BF39-BDE0551AD42E}.Release|Any CPU.ActiveCfg = Release|Any CPU
		{F3D3C3D3-D7AC-5B6E-BF39-BDE0551AD42E}.Release|Any CPU.Build.0 = Release|Any CPU
		{F3D3C3D3-D7AC-5B6E-BF39-BDE0551AD42E}.Release|x64.ActiveCfg = Release|Any CPU
		{F3D3C3D3-D7AC-5B6E-BF39-BDE0551AD42E}.Release|x64.Build.0 = Release|Any CPU
		{F3D3C3D3-D7AC-5B6E-BF39-BDE0551AD42E}.Release|x86.ActiveCfg = Release|Any CPU
		{F3D3C3D3-D7AC-5B6E-BF39-BDE0551AD42E}.Release|x86.Build.0 = Release|Any CPU
		{47076E22-86AA-8713-A98D-B80748043970}.Debug|Any CPU.ActiveCfg = Debug|Any CPU
		{47076E22-86AA-8713-A98D-B80748043970}.Debug|Any CPU.Build.0 = Debug|Any CPU
		{47076E22-86AA-8713-A98D-B80748043970}.Debug|x64.ActiveCfg = Debug|Any CPU
		{47076E22-86AA-8713-A98D-B80748043970}.Debug|x64.Build.0 = Debug|Any CPU
		{47076E22-86AA-8713-A98D-B80748043970}.Debug|x86.ActiveCfg = Debug|Any CPU
		{47076E22-86AA-8713-A98D-B80748043970}.Debug|x86.Build.0 = Debug|Any CPU
		{47076E22-86AA-8713-A98D-B80748043970}.Release|Any CPU.ActiveCfg = Release|Any CPU
		{47076E22-86AA-8713-A98D-B80748043970}.Release|Any CPU.Build.0 = Release|Any CPU
		{47076E22-86AA-8713-A98D-B80748043970}.Release|x64.ActiveCfg = Release|Any CPU
		{47076E22-86AA-8713-A98D-B80748043970}.Release|x64.Build.0 = Release|Any CPU
		{47076E22-86AA-8713-A98D-B80748043970}.Release|x86.ActiveCfg = Release|Any CPU
		{47076E22-86AA-8713-A98D-B80748043970}.Release|x86.Build.0 = Release|Any CPU
		{E3C0E21B-371B-ACD5-5FF0-77C353D89E20}.Debug|Any CPU.ActiveCfg = Debug|Any CPU
		{E3C0E21B-371B-ACD5-5FF0-77C353D89E20}.Debug|Any CPU.Build.0 = Debug|Any CPU
		{E3C0E21B-371B-ACD5-5FF0-77C353D89E20}.Debug|x64.ActiveCfg = Debug|Any CPU
		{E3C0E21B-371B-ACD5-5FF0-77C353D89E20}.Debug|x64.Build.0 = Debug|Any CPU
		{E3C0E21B-371B-ACD5-5FF0-77C353D89E20}.Debug|x86.ActiveCfg = Debug|Any CPU
		{E3C0E21B-371B-ACD5-5FF0-77C353D89E20}.Debug|x86.Build.0 = Debug|Any CPU
		{E3C0E21B-371B-ACD5-5FF0-77C353D89E20}.Release|Any CPU.ActiveCfg = Release|Any CPU
		{E3C0E21B-371B-ACD5-5FF0-77C353D89E20}.Release|Any CPU.Build.0 = Release|Any CPU
		{E3C0E21B-371B-ACD5-5FF0-77C353D89E20}.Release|x64.ActiveCfg = Release|Any CPU
		{E3C0E21B-371B-ACD5-5FF0-77C353D89E20}.Release|x64.Build.0 = Release|Any CPU
		{E3C0E21B-371B-ACD5-5FF0-77C353D89E20}.Release|x86.ActiveCfg = Release|Any CPU
		{E3C0E21B-371B-ACD5-5FF0-77C353D89E20}.Release|x86.Build.0 = Release|Any CPU
		{4BE5DE9B-358B-7F63-FFAF-6C757A700C22}.Debug|Any CPU.ActiveCfg = Debug|Any CPU
		{4BE5DE9B-358B-7F63-FFAF-6C757A700C22}.Debug|Any CPU.Build.0 = Debug|Any CPU
		{4BE5DE9B-358B-7F63-FFAF-6C757A700C22}.Debug|x64.ActiveCfg = Debug|Any CPU
		{4BE5DE9B-358B-7F63-FFAF-6C757A700C22}.Debug|x64.Build.0 = Debug|Any CPU
		{4BE5DE9B-358B-7F63-FFAF-6C757A700C22}.Debug|x86.ActiveCfg = Debug|Any CPU
		{4BE5DE9B-358B-7F63-FFAF-6C757A700C22}.Debug|x86.Build.0 = Debug|Any CPU
		{4BE5DE9B-358B-7F63-FFAF-6C757A700C22}.Release|Any CPU.ActiveCfg = Release|Any CPU
		{4BE5DE9B-358B-7F63-FFAF-6C757A700C22}.Release|Any CPU.Build.0 = Release|Any CPU
		{4BE5DE9B-358B-7F63-FFAF-6C757A700C22}.Release|x64.ActiveCfg = Release|Any CPU
		{4BE5DE9B-358B-7F63-FFAF-6C757A700C22}.Release|x64.Build.0 = Release|Any CPU
		{4BE5DE9B-358B-7F63-FFAF-6C757A700C22}.Release|x86.ActiveCfg = Release|Any CPU
		{4BE5DE9B-358B-7F63-FFAF-6C757A700C22}.Release|x86.Build.0 = Release|Any CPU
		{852135D1-2275-BF03-6AA0-B328992F1A58}.Debug|Any CPU.ActiveCfg = Debug|Any CPU
		{852135D1-2275-BF03-6AA0-B328992F1A58}.Debug|Any CPU.Build.0 = Debug|Any CPU
		{852135D1-2275-BF03-6AA0-B328992F1A58}.Debug|x64.ActiveCfg = Debug|Any CPU
		{852135D1-2275-BF03-6AA0-B328992F1A58}.Debug|x64.Build.0 = Debug|Any CPU
		{852135D1-2275-BF03-6AA0-B328992F1A58}.Debug|x86.ActiveCfg = Debug|Any CPU
		{852135D1-2275-BF03-6AA0-B328992F1A58}.Debug|x86.Build.0 = Debug|Any CPU
		{852135D1-2275-BF03-6AA0-B328992F1A58}.Release|Any CPU.ActiveCfg = Release|Any CPU
		{852135D1-2275-BF03-6AA0-B328992F1A58}.Release|Any CPU.Build.0 = Release|Any CPU
		{852135D1-2275-BF03-6AA0-B328992F1A58}.Release|x64.ActiveCfg = Release|Any CPU
		{852135D1-2275-BF03-6AA0-B328992F1A58}.Release|x64.Build.0 = Release|Any CPU
		{852135D1-2275-BF03-6AA0-B328992F1A58}.Release|x86.ActiveCfg = Release|Any CPU
		{852135D1-2275-BF03-6AA0-B328992F1A58}.Release|x86.Build.0 = Release|Any CPU
		{BD7139FC-3488-4CCD-98C4-2C0A44B72C5C}.Debug|Any CPU.ActiveCfg = Debug|Any CPU
		{BD7139FC-3488-4CCD-98C4-2C0A44B72C5C}.Debug|Any CPU.Build.0 = Debug|Any CPU
		{BD7139FC-3488-4CCD-98C4-2C0A44B72C5C}.Debug|x64.ActiveCfg = Debug|Any CPU
		{BD7139FC-3488-4CCD-98C4-2C0A44B72C5C}.Debug|x64.Build.0 = Debug|Any CPU
		{BD7139FC-3488-4CCD-98C4-2C0A44B72C5C}.Debug|x86.ActiveCfg = Debug|Any CPU
		{BD7139FC-3488-4CCD-98C4-2C0A44B72C5C}.Debug|x86.Build.0 = Debug|Any CPU
		{BD7139FC-3488-4CCD-98C4-2C0A44B72C5C}.Release|Any CPU.ActiveCfg = Release|Any CPU
		{BD7139FC-3488-4CCD-98C4-2C0A44B72C5C}.Release|Any CPU.Build.0 = Release|Any CPU
		{BD7139FC-3488-4CCD-98C4-2C0A44B72C5C}.Release|x64.ActiveCfg = Release|Any CPU
		{BD7139FC-3488-4CCD-98C4-2C0A44B72C5C}.Release|x64.Build.0 = Release|Any CPU
		{BD7139FC-3488-4CCD-98C4-2C0A44B72C5C}.Release|x86.ActiveCfg = Release|Any CPU
		{BD7139FC-3488-4CCD-98C4-2C0A44B72C5C}.Release|x86.Build.0 = Release|Any CPU
	EndGlobalSection
	GlobalSection(SolutionProperties) = preSolution
		HideSolutionNode = FALSE
	EndGlobalSection
	GlobalSection(NestedProjects) = preSolution
		{BB9C41FD-1395-49AC-C085-55B269795333} = {827E0CD3-B72D-47B6-A68D-7590B98EB39B}
		{F3D3C3D3-D7AC-5B6E-BF39-BDE0551AD42E} = {827E0CD3-B72D-47B6-A68D-7590B98EB39B}
		{47076E22-86AA-8713-A98D-B80748043970} = {827E0CD3-B72D-47B6-A68D-7590B98EB39B}
		{E3C0E21B-371B-ACD5-5FF0-77C353D89E20} = {827E0CD3-B72D-47B6-A68D-7590B98EB39B}
		{29576288-783F-BFA4-50DC-3AA545994536} = {A39C23D2-F2C0-258D-165A-CF1E7FEE6E7B}
		{B9975D51-A876-21E9-C3DF-4FC7E054B156} = {29576288-783F-BFA4-50DC-3AA545994536}
		{4BE5DE9B-358B-7F63-FFAF-6C757A700C22} = {B9975D51-A876-21E9-C3DF-4FC7E054B156}
		{E5ECF90D-9FEA-677D-B4D1-FAF1015049A0} = {29576288-783F-BFA4-50DC-3AA545994536}
		{852135D1-2275-BF03-6AA0-B328992F1A58} = {E5ECF90D-9FEA-677D-B4D1-FAF1015049A0}
		{BD7139FC-3488-4CCD-98C4-2C0A44B72C5C} = {B9975D51-A876-21E9-C3DF-4FC7E054B156}
	EndGlobalSection
	GlobalSection(ExtensibilityGlobals) = postSolution
		SolutionGuid = {40028C70-573D-4B09-AE73-46BAAF657CA1}
	EndGlobalSection
EndGlobal
